
Microsoft Visual Studio Solution File, Format Version 12.00
# Visual Studio Version 16
VisualStudioVersion = 16.0.30309.148
MinimumVisualStudioVersion = 10.0.40219.1
Project("{8BC9CEB8-8B4A-11D0-8D11-00A0C91BC942}") = "mfcc", "mfcc\mfcc.vcxproj", "{8F8F8925-AF61-4595-8821-B22F0B729569}"
EndProject
Global
	GlobalSection(SolutionConfigurationPlatforms) = preSolution
		Debug|x64 = Debug|x64
		Debug|x86 = Debug|x86
		Release|x64 = Release|x64
		Release|x86 = Release|x86
	EndGlobalSection
	GlobalSection(ProjectConfigurationPlatforms) = postSolution
		{8F8F8925-AF61-4595-8821-B22F0B729569}.Debug|x64.ActiveCfg = Debug|x64
		{8F8F8925-AF61-4595-8821-B22F0B729569}.Debug|x64.Build.0 = Debug|x64
		{8F8F8925-AF61-4595-8821-B22F0B729569}.Debug|x86.ActiveCfg = Debug|Win32
		{8F8F8925-AF61-4595-8821-B22F0B729569}.Debug|x86.Build.0 = Debug|Win32
		{8F8F8925-AF61-4595-8821-B22F0B729569}.Release|x64.ActiveCfg = Release|x64
		{8F8F8925-AF61-4595-8821-B22F0B729569}.Release|x64.Build.0 = Release|x64
		{8F8F8925-AF61-4595-8821-B22F0B729569}.Release|x86.ActiveCfg = Release|Win32
		{8F8F8925-AF61-4595-8821-B22F0B729569}.Release|x86.Build.0 = Release|Win32
	EndGlobalSection
	GlobalSection(SolutionProperties) = preSolution
		HideSolutionNode = FALSE
	EndGlobalSection
	GlobalSection(ExtensibilityGlobals) = postSolution
		SolutionGuid = {11BC1DF3-DDB8-4EEA-B935-6B5DC206DDD2}
	EndGlobalSection
EndGlobal
