<?xml version="1.0" encoding="utf-8"?>
<Project ToolsVersion="4.0" xmlns="http://schemas.microsoft.com/developer/msbuild/2003">
  <ItemGroup>
    <Filter Include="src">
      <UniqueIdentifier>{c1dd77ab-50cf-463b-8857-48d910b625c3}</UniqueIdentifier>
    </Filter>
    <Filter Include="include">
      <UniqueIdentifier>{53063f39-a6ad-47f6-96dc-a4ac909ff0d3}</UniqueIdentifier>
    </Filter>
  </ItemGroup>
  <ItemGroup>
    <ClCompile Include="..\src\codegen.c">
      <Filter>src</Filter>
    </ClCompile>
    <ClCompile Include="..\src\debug.c">
      <Filter>src</Filter>
    </ClCompile>
    <ClCompile Include="..\src\hash.c">
      <Filter>src</Filter>
    </ClCompile>
    <ClCompile Include="..\src\lex.c">
      <Filter>src</Filter>
    </ClCompile>
    <ClCompile Include="..\src\main.c">
      <Filter>src</Filter>
    </ClCompile>
    <ClCompile Include="..\src\parser.c">
      <Filter>src</Filter>
    </ClCompile>
    <ClCompile Include="..\src\vector.c">
      <Filter>src</Filter>
    </ClCompile>
    <ClCompile Include="..\src\type.c">
      <Filter>src</Filter>
    </ClCompile>
    <ClCompile Include="..\src\variable.c">
      <Filter>src</Filter>
    </ClCompile>
    <ClCompile Include="..\src\func.c">
      <Filter>src</Filter>
    </ClCompile>
    <ClCompile Include="..\src\scope.c">
      <Filter>src</Filter>
    </ClCompile>
  </ItemGroup>
  <ItemGroup>
    <ClInclude Include="..\src\ast.h">
      <Filter>include</Filter>
    </ClInclude>
    <ClInclude Include="..\src\codegen.h">
      <Filter>include</Filter>
    </ClInclude>
    <ClInclude Include="..\src\debug.h">
      <Filter>include</Filter>
    </ClInclude>
    <ClInclude Include="..\src\gpcc.h">
      <Filter>include</Filter>
    </ClInclude>
    <ClInclude Include="..\src\hash.h">
      <Filter>include</Filter>
    </ClInclude>
    <ClInclude Include="..\src\lex.h">
      <Filter>include</Filter>
    </ClInclude>
    <ClInclude Include="..\src\parser.h">
      <Filter>include</Filter>
    </ClInclude>
    <ClInclude Include="..\src\type.h">
      <Filter>include</Filter>
    </ClInclude>
    <ClInclude Include="..\src\vector.h">
      <Filter>include</Filter>
    </ClInclude>
    <ClInclude Include="..\src\func.h">
      <Filter>include</Filter>
    </ClInclude>
    <ClInclude Include="..\src\variable.h">
      <Filter>include</Filter>
    </ClInclude>
    <ClInclude Include="..\src\scope.h">
      <Filter>include</Filter>
    </ClInclude>
  </ItemGroup>
</Project>